// !$*UTF8*$!
{
	archiveVersion = 1;
	classes = {
	};
	objectVersion = 46;
	objects = {

/* Begin PBXBuildFile section */
		79B0BD1C1F62CB5E00D95C40 /* AppDelegate.swift in Sources */ = {isa = PBXBuildFile; fileRef = 79B0BD1B1F62CB5E00D95C40 /* AppDelegate.swift */; };
		79B0BD1E1F62CB5E00D95C40 /* ViewController.swift in Sources */ = {isa = PBXBuildFile; fileRef = 79B0BD1D1F62CB5E00D95C40 /* ViewController.swift */; };
		79B0BD211F62CB5E00D95C40 /* Main.storyboard in Resources */ = {isa = PBXBuildFile; fileRef = 79B0BD1F1F62CB5E00D95C40 /* Main.storyboard */; };
		79B0BD231F62CB5E00D95C40 /* Assets.xcassets in Resources */ = {isa = PBXBuildFile; fileRef = 79B0BD221F62CB5E00D95C40 /* Assets.xcassets */; };
		79B0BD261F62CB5E00D95C40 /* LaunchScreen.storyboard in Resources */ = {isa = PBXBuildFile; fileRef = 79B0BD241F62CB5E00D95C40 /* LaunchScreen.storyboard */; };
		79B0BD311F62CB5E00D95C40 /* tryJenkinsTests.swift in Sources */ = {isa = PBXBuildFile; fileRef = 79B0BD301F62CB5E00D95C40 /* tryJenkinsTests.swift */; };
		79B0BD3C1F62CB5E00D95C40 /* tryJenkinsUITests.swift in Sources */ = {isa = PBXBuildFile; fileRef = 79B0BD3B1F62CB5E00D95C40 /* tryJenkinsUITests.swift */; };
/* End PBXBuildFile section */

/* Begin PBXContainerItemProxy section */
		79B0BD2D1F62CB5E00D95C40 /* PBXContainerItemProxy */ = {
			isa = PBXContainerItemProxy;
			containerPortal = 79B0BD101F62CB5E00D95C40 /* Project object */;
			proxyType = 1;
			remoteGlobalIDString = 79B0BD171F62CB5E00D95C40;
			remoteInfo = tryJenkins;
		};
		79B0BD381F62CB5E00D95C40 /* PBXContainerItemProxy */ = {
			isa = PBXContainerItemProxy;
			containerPortal = 79B0BD101F62CB5E00D95C40 /* Project object */;
			proxyType = 1;
			remoteGlobalIDString = 79B0BD171F62CB5E00D95C40;
			remoteInfo = tryJenkins;
		};
/* End PBXContainerItemProxy section */

/* Begin PBXFileReference section */
		79B0BD181F62CB5E00D95C40 /* tryJenkins.app */ = {isa = PBXFileReference; explicitFileType = wrapper.application; includeInIndex = 0; path = tryJenkins.app; sourceTree = BUILT_PRODUCTS_DIR; };
		79B0BD1B1F62CB5E00D95C40 /* AppDelegate.swift */ = {isa = PBXFileReference; lastKnownFileType = sourcecode.swift; path = AppDelegate.swift; sourceTree = "<group>"; };
		79B0BD1D1F62CB5E00D95C40 /* ViewController.swift */ = {isa = PBXFileReference; lastKnownFileType = sourcecode.swift; path = ViewController.swift; sourceTree = "<group>"; };
		79B0BD201F62CB5E00D95C40 /* Base */ = {isa = PBXFileReference; lastKnownFileType = file.storyboard; name = Base; path = Base.lproj/Main.storyboard; sourceTree = "<group>"; };
		79B0BD221F62CB5E00D95C40 /* Assets.xcassets */ = {isa = PBXFileReference; lastKnownFileType = folder.assetcatalog; path = Assets.xcassets; sourceTree = "<group>"; };
		79B0BD251F62CB5E00D95C40 /* Base */ = {isa = PBXFileReference; lastKnownFileType = file.storyboard; name = Base; path = Base.lproj/LaunchScreen.storyboard; sourceTree = "<group>"; };
		79B0BD271F62CB5E00D95C40 /* Info.plist */ = {isa = PBXFileReference; lastKnownFileType = text.plist.xml; path = Info.plist; sourceTree = "<group>"; };
		79B0BD2C1F62CB5E00D95C40 /* tryJenkinsTests.xctest */ = {isa = PBXFileReference; explicitFileType = wrapper.cfbundle; includeInIndex = 0; path = tryJenkinsTests.xctest; sourceTree = BUILT_PRODUCTS_DIR; };
		79B0BD301F62CB5E00D95C40 /* tryJenkinsTests.swift */ = {isa = PBXFileReference; lastKnownFileType = sourcecode.swift; path = tryJenkinsTests.swift; sourceTree = "<group>"; };
		79B0BD321F62CB5E00D95C40 /* Info.plist */ = {isa = PBXFileReference; lastKnownFileType = text.plist.xml; path = Info.plist; sourceTree = "<group>"; };
		79B0BD371F62CB5E00D95C40 /* tryJenkinsUITests.xctest */ = {isa = PBXFileReference; explicitFileType = wrapper.cfbundle; includeInIndex = 0; path = tryJenkinsUITests.xctest; sourceTree = BUILT_PRODUCTS_DIR; };
		79B0BD3B1F62CB5E00D95C40 /* tryJenkinsUITests.swift */ = {isa = PBXFileReference; lastKnownFileType = sourcecode.swift; path = tryJenkinsUITests.swift; sourceTree = "<group>"; };
		79B0BD3D1F62CB5E00D95C40 /* Info.plist */ = {isa = PBXFileReference; lastKnownFileType = text.plist.xml; path = Info.plist; sourceTree = "<group>"; };
/* End PBXFileReference section */

/* Begin PBXFrameworksBuildPhase section */
		79B0BD151F62CB5E00D95C40 /* Frameworks */ = {
			isa = PBXFrameworksBuildPhase;
			buildActionMask = 2147483647;
			files = (
			);
			runOnlyForDeploymentPostprocessing = 0;
		};
		79B0BD291F62CB5E00D95C40 /* Frameworks */ = {
			isa = PBXFrameworksBuildPhase;
			buildActionMask = 2147483647;
			files = (
			);
			runOnlyForDeploymentPostprocessing = 0;
		};
		79B0BD341F62CB5E00D95C40 /* Frameworks */ = {
			isa = PBXFrameworksBuildPhase;
			buildActionMask = 2147483647;
			files = (
			);
			runOnlyForDeploymentPostprocessing = 0;
		};
/* End PBXFrameworksBuildPhase section */

/* Begin PBXGroup section */
		79B0BD0F1F62CB5E00D95C40 = {
			isa = PBXGroup;
			children = (
				79B0BD1A1F62CB5E00D95C40 /* tryJenkins */,
				79B0BD2F1F62CB5E00D95C40 /* tryJenkinsTests */,
				79B0BD3A1F62CB5E00D95C40 /* tryJenkinsUITests */,
				79B0BD191F62CB5E00D95C40 /* Products */,
			);
			sourceTree = "<group>";
		};
		79B0BD191F62CB5E00D95C40 /* Products */ = {
			isa = PBXGroup;
			children = (
				79B0BD181F62CB5E00D95C40 /* tryJenkins.app */,
				79B0BD2C1F62CB5E00D95C40 /* tryJenkinsTests.xctest */,
				79B0BD371F62CB5E00D95C40 /* tryJenkinsUITests.xctest */,
			);
			name = Products;
			sourceTree = "<group>";
		};
		79B0BD1A1F62CB5E00D95C40 /* tryJenkins */ = {
			isa = PBXGroup;
			children = (
				79B0BD1B1F62CB5E00D95C40 /* AppDelegate.swift */,
				79B0BD1D1F62CB5E00D95C40 /* ViewController.swift */,
				79B0BD1F1F62CB5E00D95C40 /* Main.storyboard */,
				79B0BD221F62CB5E00D95C40 /* Assets.xcassets */,
				79B0BD241F62CB5E00D95C40 /* LaunchScreen.storyboard */,
				79B0BD271F62CB5E00D95C40 /* Info.plist */,
			);
			path = tryJenkins;
			sourceTree = "<group>";
		};
		79B0BD2F1F62CB5E00D95C40 /* tryJenkinsTests */ = {
			isa = PBXGroup;
			children = (
				79B0BD301F62CB5E00D95C40 /* tryJenkinsTests.swift */,
				79B0BD321F62CB5E00D95C40 /* Info.plist */,
			);
			path = tryJenkinsTests;
			sourceTree = "<group>";
		};
		79B0BD3A1F62CB5E00D95C40 /* tryJenkinsUITests */ = {
			isa = PBXGroup;
			children = (
				79B0BD3B1F62CB5E00D95C40 /* tryJenkinsUITests.swift */,
				79B0BD3D1F62CB5E00D95C40 /* Info.plist */,
			);
			path = tryJenkinsUITests;
			sourceTree = "<group>";
		};
/* End PBXGroup section */

/* Begin PBXNativeTarget section */
		79B0BD171F62CB5E00D95C40 /* tryJenkins */ = {
			isa = PBXNativeTarget;
			buildConfigurationList = 79B0BD401F62CB5E00D95C40 /* Build configuration list for PBXNativeTarget "tryJenkins" */;
			buildPhases = (
				79B0BD141F62CB5E00D95C40 /* Sources */,
				79B0BD151F62CB5E00D95C40 /* Frameworks */,
				79B0BD161F62CB5E00D95C40 /* Resources */,
			);
			buildRules = (
			);
			dependencies = (
			);
			name = tryJenkins;
			productName = tryJenkins;
			productReference = 79B0BD181F62CB5E00D95C40 /* tryJenkins.app */;
			productType = "com.apple.product-type.application";
		};
		79B0BD2B1F62CB5E00D95C40 /* tryJenkinsTests */ = {
			isa = PBXNativeTarget;
			buildConfigurationList = 79B0BD431F62CB5E00D95C40 /* Build configuration list for PBXNativeTarget "tryJenkinsTests" */;
			buildPhases = (
				79B0BD281F62CB5E00D95C40 /* Sources */,
				79B0BD291F62CB5E00D95C40 /* Frameworks */,
				79B0BD2A1F62CB5E00D95C40 /* Resources */,
			);
			buildRules = (
			);
			dependencies = (
				79B0BD2E1F62CB5E00D95C40 /* PBXTargetDependency */,
			);
			name = tryJenkinsTests;
			productName = tryJenkinsTests;
			productReference = 79B0BD2C1F62CB5E00D95C40 /* tryJenkinsTests.xctest */;
			productType = "com.apple.product-type.bundle.unit-test";
		};
		79B0BD361F62CB5E00D95C40 /* tryJenkinsUITests */ = {
			isa = PBXNativeTarget;
			buildConfigurationList = 79B0BD461F62CB5E00D95C40 /* Build configuration list for PBXNativeTarget "tryJenkinsUITests" */;
			buildPhases = (
				79B0BD331F62CB5E00D95C40 /* Sources */,
				79B0BD341F62CB5E00D95C40 /* Frameworks */,
				79B0BD351F62CB5E00D95C40 /* Resources */,
			);
			buildRules = (
			);
			dependencies = (
				79B0BD391F62CB5E00D95C40 /* PBXTargetDependency */,
			);
			name = tryJenkinsUITests;
			productName = tryJenkinsUITests;
			productReference = 79B0BD371F62CB5E00D95C40 /* tryJenkinsUITests.xctest */;
			productType = "com.apple.product-type.bundle.ui-testing";
		};
/* End PBXNativeTarget section */

/* Begin PBXProject section */
		79B0BD101F62CB5E00D95C40 /* Project object */ = {
			isa = PBXProject;
			attributes = {
				LastSwiftUpdateCheck = 0830;
				LastUpgradeCheck = 0830;
				ORGANIZATIONNAME = "藤野航平";
				TargetAttributes = {
					79B0BD171F62CB5E00D95C40 = {
						CreatedOnToolsVersion = 8.3.3;
						DevelopmentTeam = J5X924LK65;
						ProvisioningStyle = Automatic;
					};
					79B0BD2B1F62CB5E00D95C40 = {
						CreatedOnToolsVersion = 8.3.3;
						DevelopmentTeam = J5X924LK65;
						ProvisioningStyle = Automatic;
						TestTargetID = 79B0BD171F62CB5E00D95C40;
					};
					79B0BD361F62CB5E00D95C40 = {
						CreatedOnToolsVersion = 8.3.3;
						DevelopmentTeam = J5X924LK65;
						ProvisioningStyle = Automatic;
						TestTargetID = 79B0BD171F62CB5E00D95C40;
					};
				};
			};
			buildConfigurationList = 79B0BD131F62CB5E00D95C40 /* Build configuration list for PBXProject "tryJenkins" */;
			compatibilityVersion = "Xcode 3.2";
			developmentRegion = English;
			hasScannedForEncodings = 0;
			knownRegions = (
				en,
				Base,
			);
			mainGroup = 79B0BD0F1F62CB5E00D95C40;
			productRefGroup = 79B0BD191F62CB5E00D95C40 /* Products */;
			projectDirPath = "";
			projectRoot = "";
			targets = (
				79B0BD171F62CB5E00D95C40 /* tryJenkins */,
				79B0BD2B1F62CB5E00D95C40 /* tryJenkinsTests */,
				79B0BD361F62CB5E00D95C40 /* tryJenkinsUITests */,
			);
		};
/* End PBXProject section */

/* Begin PBXResourcesBuildPhase section */
		79B0BD161F62CB5E00D95C40 /* Resources */ = {
			isa = PBXResourcesBuildPhase;
			buildActionMask = 2147483647;
			files = (
				79B0BD261F62CB5E00D95C40 /* LaunchScreen.storyboard in Resources */,
				79B0BD231F62CB5E00D95C40 /* Assets.xcassets in Resources */,
				79B0BD211F62CB5E00D95C40 /* Main.storyboard in Resources */,
			);
			runOnlyForDeploymentPostprocessing = 0;
		};
		79B0BD2A1F62CB5E00D95C40 /* Resources */ = {
			isa = PBXResourcesBuildPhase;
			buildActionMask = 2147483647;
			files = (
			);
			runOnlyForDeploymentPostprocessing = 0;
		};
		79B0BD351F62CB5E00D95C40 /* Resources */ = {
			isa = PBXResourcesBuildPhase;
			buildActionMask = 2147483647;
			files = (
			);
			runOnlyForDeploymentPostprocessing = 0;
		};
/* End PBXResourcesBuildPhase section */

/* Begin PBXSourcesBuildPhase section */
		79B0BD141F62CB5E00D95C40 /* Sources */ = {
			isa = PBXSourcesBuildPhase;
			buildActionMask = 2147483647;
			files = (
				79B0BD1E1F62CB5E00D95C40 /* ViewController.swift in Sources */,
				79B0BD1C1F62CB5E00D95C40 /* AppDelegate.swift in Sources */,
			);
			runOnlyForDeploymentPostprocessing = 0;
		};
		79B0BD281F62CB5E00D95C40 /* Sources */ = {
			isa = PBXSourcesBuildPhase;
			buildActionMask = 2147483647;
			files = (
				79B0BD311F62CB5E00D95C40 /* tryJenkinsTests.swift in Sources */,
			);
			runOnlyForDeploymentPostprocessing = 0;
		};
		79B0BD331F62CB5E00D95C40 /* Sources */ = {
			isa = PBXSourcesBuildPhase;
			buildActionMask = 2147483647;
			files = (
				79B0BD3C1F62CB5E00D95C40 /* tryJenkinsUITests.swift in Sources */,
			);
			runOnlyForDeploymentPostprocessing = 0;
		};
/* End PBXSourcesBuildPhase section */

/* Begin PBXTargetDependency section */
		79B0BD2E1F62CB5E00D95C40 /* PBXTargetDependency */ = {
			isa = PBXTargetDependency;
			target = 79B0BD171F62CB5E00D95C40 /* tryJenkins */;
			targetProxy = 79B0BD2D1F62CB5E00D95C40 /* PBXContainerItemProxy */;
		};
		79B0BD391F62CB5E00D95C40 /* PBXTargetDependency */ = {
			isa = PBXTargetDependency;
			target = 79B0BD171F62CB5E00D95C40 /* tryJenkins */;
			targetProxy = 79B0BD381F62CB5E00D95C40 /* PBXContainerItemProxy */;
		};
/* End PBXTargetDependency section */

/* Begin PBXVariantGroup section */
		79B0BD1F1F62CB5E00D95C40 /* Main.storyboard */ = {
			isa = PBXVariantGroup;
			children = (
				79B0BD201F62CB5E00D95C40 /* Base */,
			);
			name = Main.storyboard;
			sourceTree = "<group>";
		};
		79B0BD241F62CB5E00D95C40 /* LaunchScreen.storyboard */ = {
			isa = PBXVariantGroup;
			children = (
				79B0BD251F62CB5E00D95C40 /* Base */,
			);
			name = LaunchScreen.storyboard;
			sourceTree = "<group>";
		};
/* End PBXVariantGroup section */

/* Begin XCBuildConfiguration section */
		79B0BD3E1F62CB5E00D95C40 /* Debug */ = {
			isa = XCBuildConfiguration;
			buildSettings = {
				ALWAYS_SEARCH_USER_PATHS = NO;
				CLANG_ANALYZER_NONNULL = YES;
				CLANG_ANALYZER_NUMBER_OBJECT_CONVERSION = YES_AGGRESSIVE;
				CLANG_CXX_LANGUAGE_STANDARD = "gnu++0x";
				CLANG_CXX_LIBRARY = "libc++";
				CLANG_ENABLE_MODULES = YES;
				CLANG_ENABLE_OBJC_ARC = YES;
				CLANG_WARN_BOOL_CONVERSION = YES;
				CLANG_WARN_CONSTANT_CONVERSION = YES;
				CLANG_WARN_DIRECT_OBJC_ISA_USAGE = YES_ERROR;
				CLANG_WARN_DOCUMENTATION_COMMENTS = YES;
				CLANG_WARN_EMPTY_BODY = YES;
				CLANG_WARN_ENUM_CONVERSION = YES;
				CLANG_WARN_INFINITE_RECURSION = YES;
				CLANG_WARN_INT_CONVERSION = YES;
				CLANG_WARN_OBJC_ROOT_CLASS = YES_ERROR;
				CLANG_WARN_SUSPICIOUS_MOVE = YES;
				CLANG_WARN_UNREACHABLE_CODE = YES;
				CLANG_WARN__DUPLICATE_METHOD_MATCH = YES;
				"CODE_SIGN_IDENTITY[sdk=iphoneos*]" = "iPhone Developer";
				COPY_PHASE_STRIP = NO;
				DEBUG_INFORMATION_FORMAT = dwarf;
				ENABLE_STRICT_OBJC_MSGSEND = YES;
				ENABLE_TESTABILITY = YES;
				GCC_C_LANGUAGE_STANDARD = gnu99;
				GCC_DYNAMIC_NO_PIC = NO;
				GCC_NO_COMMON_BLOCKS = YES;
				GCC_OPTIMIZATION_LEVEL = 0;
				GCC_PREPROCESSOR_DEFINITIONS = (
					"DEBUG=1",
					"$(inherited)",
				);
				GCC_WARN_64_TO_32_BIT_CONVERSION = YES;
				GCC_WARN_ABOUT_RETURN_TYPE = YES_ERROR;
				GCC_WARN_UNDECLARED_SELECTOR = YES;
				GCC_WARN_UNINITIALIZED_AUTOS = YES_AGGRESSIVE;
				GCC_WARN_UNUSED_FUNCTION = YES;
				GCC_WARN_UNUSED_VARIABLE = YES;
				IPHONEOS_DEPLOYMENT_TARGET = 10.3;
				MTL_ENABLE_DEBUG_INFO = YES;
				ONLY_ACTIVE_ARCH = YES;
				SDKROOT = iphoneos;
				SWIFT_ACTIVE_COMPILATION_CONDITIONS = DEBUG;
				SWIFT_OPTIMIZATION_LEVEL = "-Onone";
				TARGETED_DEVICE_FAMILY = "1,2";
			};
			name = Debug;
		};
		79B0BD3F1F62CB5E00D95C40 /* Release */ = {
			isa = XCBuildConfiguration;
			buildSettings = {
				ALWAYS_SEARCH_USER_PATHS = NO;
				CLANG_ANALYZER_NONNULL = YES;
				CLANG_ANALYZER_NUMBER_OBJECT_CONVERSION = YES_AGGRESSIVE;
				CLANG_CXX_LANGUAGE_STANDARD = "gnu++0x";
				CLANG_CXX_LIBRARY = "libc++";
				CLANG_ENABLE_MODULES = YES;
				CLANG_ENABLE_OBJC_ARC = YES;
				CLANG_WARN_BOOL_CONVERSION = YES;
				CLANG_WARN_CONSTANT_CONVERSION = YES;
				CLANG_WARN_DIRECT_OBJC_ISA_USAGE = YES_ERROR;
				CLANG_WARN_DOCUMENTATION_COMMENTS = YES;
				CLANG_WARN_EMPTY_BODY = YES;
				CLANG_WARN_ENUM_CONVERSION = YES;
				CLANG_WARN_INFINITE_RECURSION = YES;
				CLANG_WARN_INT_CONVERSION = YES;
				CLANG_WARN_OBJC_ROOT_CLASS = YES_ERROR;
				CLANG_WARN_SUSPICIOUS_MOVE = YES;
				CLANG_WARN_UNREACHABLE_CODE = YES;
				CLANG_WARN__DUPLICATE_METHOD_MATCH = YES;
				"CODE_SIGN_IDENTITY[sdk=iphoneos*]" = "iPhone Developer";
				COPY_PHASE_STRIP = NO;
				DEBUG_INFORMATION_FORMAT = "dwarf-with-dsym";
				ENABLE_NS_ASSERTIONS = NO;
				ENABLE_STRICT_OBJC_MSGSEND = YES;
				GCC_C_LANGUAGE_STANDARD = gnu99;
				GCC_NO_COMMON_BLOCKS = YES;
				GCC_WARN_64_TO_32_BIT_CONVERSION = YES;
				GCC_WARN_ABOUT_RETURN_TYPE = YES_ERROR;
				GCC_WARN_UNDECLARED_SELECTOR = YES;
				GCC_WARN_UNINITIALIZED_AUTOS = YES_AGGRESSIVE;
				GCC_WARN_UNUSED_FUNCTION = YES;
				GCC_WARN_UNUSED_VARIABLE = YES;
				IPHONEOS_DEPLOYMENT_TARGET = 10.3;
				MTL_ENABLE_DEBUG_INFO = NO;
				SDKROOT = iphoneos;
				SWIFT_OPTIMIZATION_LEVEL = "-Owholemodule";
				TARGETED_DEVICE_FAMILY = "1,2";
				VALIDATE_PRODUCT = YES;
			};
			name = Release;
		};
		79B0BD411F62CB5E00D95C40 /* Debug */ = {
			isa = XCBuildConfiguration;
			buildSettings = {
				ASSETCATALOG_COMPILER_APPICON_NAME = AppIcon;
				DEVELOPMENT_TEAM = J5X924LK65;
				INFOPLIST_FILE = tryJenkins/Info.plist;
				LD_RUNPATH_SEARCH_PATHS = "$(inherited) @executable_path/Frameworks";
				PRODUCT_BUNDLE_IDENTIFIER = "kohei-fujino.tryJenkins";
				PRODUCT_NAME = "$(TARGET_NAME)";
				SWIFT_VERSION = 3.0;
			};
			name = Debug;
		};
		79B0BD421F62CB5E00D95C40 /* Release */ = {
			isa = XCBuildConfiguration;
			buildSettings = {
				ASSETCATALOG_COMPILER_APPICON_NAME = AppIcon;
				DEVELOPMENT_TEAM = J5X924LK65;
				INFOPLIST_FILE = tryJenkins/Info.plist;
				LD_RUNPATH_SEARCH_PATHS = "$(inherited) @executable_path/Frameworks";
				PRODUCT_BUNDLE_IDENTIFIER = "kohei-fujino.tryJenkins";
				PRODUCT_NAME = "$(TARGET_NAME)";
				SWIFT_VERSION = 3.0;
			};
			name = Release;
		};
		79B0BD441F62CB5E00D95C40 /* Debug */ = {
			isa = XCBuildConfiguration;
			buildSettings = {
				ALWAYS_EMBED_SWIFT_STANDARD_LIBRARIES = YES;
				BUNDLE_LOADER = "$(TEST_HOST)";
				DEVELOPMENT_TEAM = J5X924LK65;
				INFOPLIST_FILE = tryJenkinsTests/Info.plist;
				LD_RUNPATH_SEARCH_PATHS = "$(inherited) @executable_path/Frameworks @loader_path/Frameworks";
				PRODUCT_BUNDLE_IDENTIFIER = "kohei-fujino.tryJenkinsTests";
				PRODUCT_NAME = "$(TARGET_NAME)";
				SWIFT_VERSION = 3.0;
				TEST_HOST = "$(BUILT_PRODUCTS_DIR)/tryJenkins.app/tryJenkins";
			};
			name = Debug;
		};
		79B0BD451F62CB5E00D95C40 /* Release */ = {
			isa = XCBuildConfiguration;
			buildSettings = {
				ALWAYS_EMBED_SWIFT_STANDARD_LIBRARIES = YES;
				BUNDLE_LOADER = "$(TEST_HOST)";
				DEVELOPMENT_TEAM = J5X924LK65;
				INFOPLIST_FILE = tryJenkinsTests/Info.plist;
				LD_RUNPATH_SEARCH_PATHS = "$(inherited) @executable_path/Frameworks @loader_path/Frameworks";
				PRODUCT_BUNDLE_IDENTIFIER = "kohei-fujino.tryJenkinsTests";
				PRODUCT_NAME = "$(TARGET_NAME)";
				SWIFT_VERSION = 3.0;
				TEST_HOST = "$(BUILT_PRODUCTS_DIR)/tryJenkins.app/tryJenkins";
			};
			name = Release;
		};
		79B0BD471F62CB5E00D95C40 /* Debug */ = {
			isa = XCBuildConfiguration;
			buildSettings = {
				ALWAYS_EMBED_SWIFT_STANDARD_LIBRARIES = YES;
				DEVELOPMENT_TEAM = J5X924LK65;
				INFOPLIST_FILE = tryJenkinsUITests/Info.plist;
				LD_RUNPATH_SEARCH_PATHS = "$(inherited) @executable_path/Frameworks @loader_path/Frameworks";
				PRODUCT_BUNDLE_IDENTIFIER = "kohei-fujino.tryJenkinsUITests";
				PRODUCT_NAME = "$(TARGET_NAME)";
				SWIFT_VERSION = 3.0;
				TEST_TARGET_NAME = tryJenkins;
			};
			name = Debug;
		};
		79B0BD481F62CB5E00D95C40 /* Release */ = {
			isa = XCBuildConfiguration;
			buildSettings = {
				ALWAYS_EMBED_SWIFT_STANDARD_LIBRARIES = YES;
				DEVELOPMENT_TEAM = J5X924LK65;
				INFOPLIST_FILE = tryJenkinsUITests/Info.plist;
				LD_RUNPATH_SEARCH_PATHS = "$(inherited) @executable_path/Frameworks @loader_path/Frameworks";
				PRODUCT_BUNDLE_IDENTIFIER = "kohei-fujino.tryJenkinsUITests";
				PRODUCT_NAME = "$(TARGET_NAME)";
				SWIFT_VERSION = 3.0;
				TEST_TARGET_NAME = tryJenkins;
			};
			name = Release;
		};
/* End XCBuildConfiguration section */

/* Begin XCConfigurationList section */
		79B0BD131F62CB5E00D95C40 /* Build configuration list for PBXProject "tryJenkins" */ = {
			isa = XCConfigurationList;
			buildConfigurations = (
				79B0BD3E1F62CB5E00D95C40 /* Debug */,
				79B0BD3F1F62CB5E00D95C40 /* Release */,
			);
			defaultConfigurationIsVisible = 0;
			defaultConfigurationName = Release;
		};
		79B0BD401F62CB5E00D95C40 /* Build configuration list for PBXNativeTarget "tryJenkins" */ = {
			isa = XCConfigurationList;
			buildConfigurations = (
				79B0BD411F62CB5E00D95C40 /* Debug */,
				79B0BD421F62CB5E00D95C40 /* Release */,
			);
			defaultConfigurationIsVisible = 0;
		};
		79B0BD431F62CB5E00D95C40 /* Build configuration list for PBXNativeTarget "tryJenkinsTests" */ = {
			isa = XCConfigurationList;
			buildConfigurations = (
				79B0BD441F62CB5E00D95C40 /* Debug */,
				79B0BD451F62CB5E00D95C40 /* Release */,
			);
			defaultConfigurationIsVisible = 0;
		};
		79B0BD461F62CB5E00D95C40 /* Build configuration list for PBXNativeTarget "tryJenkinsUITests" */ = {
			isa = XCConfigurationList;
			buildConfigurations = (
				79B0BD471F62CB5E00D95C40 /* Debug */,
				79B0BD481F62CB5E00D95C40 /* Release */,
			);
			defaultConfigurationIsVisible = 0;
		};
/* End XCConfigurationList section */
	};
	rootObject = 79B0BD101F62CB5E00D95C40 /* Project object */;
}
